
Microsoft Visual Studio Solution File, Format Version 12.00
# Visual Studio 15
VisualStudioVersion = 15.0.27703.2026
MinimumVisualStudioVersion = 10.0.40219.1
Project("{9A19103F-16F7-4668-BE54-9A1E7A4F7556}") = "ConsoleApp", "ConsoleApp\ConsoleApp.csproj", "{3F4ABC34-301F-4F04-81A7-8478808AD0DA}"
EndProject
Project("{9A19103F-16F7-4668-BE54-9A1E7A4F7556}") = "Arragro.ObjectHistory.Client", "src\Arragro.ObjectHistory.ObjectHistoryClientProvider\Arragro.ObjectHistory.Client.csproj", "{C09509FC-50A7-46FC-AAD2-4894FCDAAE8B}"
EndProject
Project("{9A19103F-16F7-4668-BE54-9A1E7A4F7556}") = "Arragro.ObjectHistory.Core", "src\Arragro.ObjectHistory.Core\Arragro.ObjectHistory.Core.csproj", "{0959FEC5-8867-4F1E-9BB3-60278315F9F2}"
EndProject
Project("{9A19103F-16F7-4668-BE54-9A1E7A4F7556}") = "Arragro.ObjectHistory.Server", "src\Arragro.ObjectHistory.Server\Arragro.ObjectHistory.Server.csproj", "{E6D7D7A2-0884-4FB7-9D57-923B25CCF79F}"
EndProject
Project("{2150E333-8FDC-42A3-9474-1A3956D46DE8}") = "tests", "tests", "{8AB6BEE0-F819-49F1-83DC-D54472AED6D6}"
EndProject
Project("{FAE04EC0-301F-11D3-BF4B-00C04F79EFBC}") = "Arragro.ObjectHistory.Web", "src\Arragro.ObjectHistory.Web\Arragro.ObjectHistory.Web.csproj", "{BDCC2218-7860-47E6-ABBB-31D65364E7E1}"
	ProjectSection(ProjectDependencies) = postProject
		{BA1EA677-B090-43CB-BE2C-7B23B48C00AE} = {BA1EA677-B090-43CB-BE2C-7B23B48C00AE}
	EndProjectSection
EndProject
Project("{FAE04EC0-301F-11D3-BF4B-00C04F79EFBC}") = "Arragro.ObjectHistory.RazorClassLib", "src\Arragro.ObjectHistory.RazorClassLib\Arragro.ObjectHistory.RazorClassLib.csproj", "{BA1EA677-B090-43CB-BE2C-7B23B48C00AE}"
EndProject
Global
	GlobalSection(SolutionConfigurationPlatforms) = preSolution
		Debug|Any CPU = Debug|Any CPU
		Release|Any CPU = Release|Any CPU
	EndGlobalSection
	GlobalSection(ProjectConfigurationPlatforms) = postSolution
		{3F4ABC34-301F-4F04-81A7-8478808AD0DA}.Debug|Any CPU.ActiveCfg = Debug|Any CPU
		{3F4ABC34-301F-4F04-81A7-8478808AD0DA}.Debug|Any CPU.Build.0 = Debug|Any CPU
		{3F4ABC34-301F-4F04-81A7-8478808AD0DA}.Release|Any CPU.ActiveCfg = Release|Any CPU
		{3F4ABC34-301F-4F04-81A7-8478808AD0DA}.Release|Any CPU.Build.0 = Release|Any CPU
		{C09509FC-50A7-46FC-AAD2-4894FCDAAE8B}.Debug|Any CPU.ActiveCfg = Debug|Any CPU
		{C09509FC-50A7-46FC-AAD2-4894FCDAAE8B}.Debug|Any CPU.Build.0 = Debug|Any CPU
		{C09509FC-50A7-46FC-AAD2-4894FCDAAE8B}.Release|Any CPU.ActiveCfg = Release|Any CPU
		{C09509FC-50A7-46FC-AAD2-4894FCDAAE8B}.Release|Any CPU.Build.0 = Release|Any CPU
		{0959FEC5-8867-4F1E-9BB3-60278315F9F2}.Debug|Any CPU.ActiveCfg = Debug|Any CPU
		{0959FEC5-8867-4F1E-9BB3-60278315F9F2}.Debug|Any CPU.Build.0 = Debug|Any CPU
		{0959FEC5-8867-4F1E-9BB3-60278315F9F2}.Release|Any CPU.ActiveCfg = Release|Any CPU
		{0959FEC5-8867-4F1E-9BB3-60278315F9F2}.Release|Any CPU.Build.0 = Release|Any CPU
		{E6D7D7A2-0884-4FB7-9D57-923B25CCF79F}.Debug|Any CPU.ActiveCfg = Debug|Any CPU
		{E6D7D7A2-0884-4FB7-9D57-923B25CCF79F}.Debug|Any CPU.Build.0 = Debug|Any CPU
		{E6D7D7A2-0884-4FB7-9D57-923B25CCF79F}.Release|Any CPU.ActiveCfg = Release|Any CPU
		{E6D7D7A2-0884-4FB7-9D57-923B25CCF79F}.Release|Any CPU.Build.0 = Release|Any CPU
		{BDCC2218-7860-47E6-ABBB-31D65364E7E1}.Debug|Any CPU.ActiveCfg = Debug|Any CPU
		{BDCC2218-7860-47E6-ABBB-31D65364E7E1}.Debug|Any CPU.Build.0 = Debug|Any CPU
		{BDCC2218-7860-47E6-ABBB-31D65364E7E1}.Release|Any CPU.ActiveCfg = Release|Any CPU
		{BDCC2218-7860-47E6-ABBB-31D65364E7E1}.Release|Any CPU.Build.0 = Release|Any CPU
		{BA1EA677-B090-43CB-BE2C-7B23B48C00AE}.Debug|Any CPU.ActiveCfg = Debug|Any CPU
		{BA1EA677-B090-43CB-BE2C-7B23B48C00AE}.Debug|Any CPU.Build.0 = Debug|Any CPU
		{BA1EA677-B090-43CB-BE2C-7B23B48C00AE}.Release|Any CPU.ActiveCfg = Release|Any CPU
		{BA1EA677-B090-43CB-BE2C-7B23B48C00AE}.Release|Any CPU.Build.0 = Release|Any CPU
	EndGlobalSection
	GlobalSection(SolutionProperties) = preSolution
		HideSolutionNode = FALSE
	EndGlobalSection
	GlobalSection(ExtensibilityGlobals) = postSolution
		SolutionGuid = {D79B9168-1D29-440C-B873-FCBCF6E5E4C0}
	EndGlobalSection
EndGlobal
